
Microsoft Visual Studio Solution File, Format Version 12.00
# Visual Studio Version 16
VisualStudioVersion = 16.0.32602.291
MinimumVisualStudioVersion = 10.0.40219.1
Project("{FAE04EC0-301F-11D3-BF4B-00C04F79EFBC}") = "Assignment_4", "Assignment_4\Assignment_4.csproj", "{14972560-847F-4E88-AD00-787702A139FF}"
EndProject
Global
	GlobalSection(SolutionConfigurationPlatforms) = preSolution
		Debug|Any CPU = Debug|Any CPU
		Release|Any CPU = Release|Any CPU
	EndGlobalSection
	GlobalSection(ProjectConfigurationPlatforms) = postSolution
		{14972560-847F-4E88-AD00-787702A139FF}.Debug|Any CPU.ActiveCfg = Debug|Any CPU
		{14972560-847F-4E88-AD00-787702A139FF}.Debug|Any CPU.Build.0 = Debug|Any CPU
		{14972560-847F-4E88-AD00-787702A139FF}.Release|Any CPU.ActiveCfg = Release|Any CPU
		{14972560-847F-4E88-AD00-787702A139FF}.Release|Any CPU.Build.0 = Release|Any CPU
	EndGlobalSection
	GlobalSection(SolutionProperties) = preSolution
		HideSolutionNode = FALSE
	EndGlobalSection
	GlobalSection(ExtensibilityGlobals) = postSolution
		SolutionGuid = {C626AC59-37CF-4EFB-948A-5626C7819548}
	EndGlobalSection
EndGlobal
